{
  "name": "regular_todo",
  "version": "1.0.0",
  "lockfileVersion": 1,
  "requires": true,
  "dependencies": {
    "js-tokens": {
      "version": "4.0.0",
      "resolved": "https://npm-registry.yy.com/js-tokens/download/js-tokens-4.0.0.tgz",
      "integrity": "sha1-GSA/tZmR35jjoocFDUZHzerzJJk="
    },
    "lodash": {
      "version": "4.17.20",
      "resolved": "https://registry.npmjs.org/lodash/-/lodash-4.17.20.tgz",
      "integrity": "sha512-PlhdFcillOINfeV7Ni6oF1TAEayyZBoZ8bcshTHqOYJYlrqzRK5hagpagky5o4HfCzzd1TRkXPMFq6cKk9rGmA=="
    },
    "lodash-es": {
      "version": "4.17.15",
      "resolved": "https://registry.npmjs.org/lodash-es/-/lodash-es-4.17.15.tgz",
      "integrity": "sha512-rlrc3yU3+JNOpZ9zj5pQtxnx2THmvRykwL4Xlxoa8I9lHBlVbbyPhgyPMioxVZ4NqyxaVVtaJnzsyOidQIhyyQ=="
    },
    "loose-envify": {
      "version": "1.4.0",
      "resolved": "https://npm-registry.yy.com/loose-envify/download/loose-envify-1.4.0.tgz",
      "integrity": "sha1-ce5R+nvkyuwaY4OffmgtgTLTDK8=",
      "requires": {
        "js-tokens": "^3.0.0 || ^4.0.0"
      }
    },
    "redux": {
      "version": "3.7.2",
      "resolved": "https://registry.npmjs.org/redux/-/redux-3.7.2.tgz",
      "integrity": "sha512-pNqnf9q1hI5HHZRBkj3bAngGZW/JMCmexDlOxw4XagXY2o1327nHH54LoTjiPJ0gizoqPDRqWyX/00g0hD6w+A==",
      "requires": {
        "lodash": "^4.2.1",
        "lodash-es": "^4.2.1",
        "loose-envify": "^1.1.0",
        "symbol-observable": "^1.0.3"
      },
      "dependencies": {
        "lodash": {
          "version": "4.17.11",
          "resolved": "https://npm-registry.yy.com/lodash/download/lodash-4.17.11.tgz",
          "integrity": "sha1-s56mIp72B+zYniyN8SU2iRysm40="
        }
      }
    },
    "redux-devtools-extension": {
      "version": "2.13.8",
      "resolved": "https://registry.npmjs.org/redux-devtools-extension/-/redux-devtools-extension-2.13.8.tgz",
      "integrity": "sha512-8qlpooP2QqPtZHQZRhx3x3OP5skEV1py/zUdMY28WNAocbafxdG2tRD1MWE7sp8obGMNYuLWanhhQ7EQvT1FBg=="
    },
    "regular-mixin-redux": {
      "version": "1.0.4",
      "resolved": "https://registry.npmjs.org/regular-mixin-redux/-/regular-mixin-redux-1.0.4.tgz",
      "integrity": "sha512-n9zLOu5RCkk6Zxevj9Jxz0hC0nepRy77qDrpJFgaBFdALIbk20FCcL1AywYCOQncZt6lXOgo7lCN0l90Rekhug==",
      "requires": {
        "lodash": "^4.17.11"
      }
    },
    "regularjs": {
      "version": "0.5.2",
      "resolved": "https://registry.npmjs.org/regularjs/-/regularjs-0.5.2.tgz",
      "integrity": "sha1-al9xOQQx8ONGojXUtiP29oXIW0Q="
    },
    "symbol-observable": {
      "version": "1.2.0",
      "resolved": "https://npm-registry.yy.com/symbol-observable/download/symbol-observable-1.2.0.tgz",
      "integrity": "sha1-wiaIrtTqs83C3+rLtWFmBWCgCAQ="
    }
  }
}
