{
  "name": "regular_todo",
  "version": "1.0.0",
  "lockfileVersion": 1,
  "requires": true,
  "dependencies": {
    "js-tokens": {
      "version": "4.0.0",
      "resolved": "https://npm-registry.yy.com/js-tokens/download/js-tokens-4.0.0.tgz",
      "integrity": "sha1-GSA/tZmR35jjoocFDUZHzerzJJk="
    },
    "lodash-es": {
      "version": "4.17.11",
      "resolved": "https://npm-registry.yy.com/lodash-es/download/lodash-es-4.17.11.tgz",
      "integrity": "sha1-FFq0p6xcXlKjUx+08xAlWhUrS+A="
    },
    "loose-envify": {
      "version": "1.4.0",
      "resolved": "https://npm-registry.yy.com/loose-envify/download/loose-envify-1.4.0.tgz",
      "integrity": "sha1-ce5R+nvkyuwaY4OffmgtgTLTDK8=",
      "requires": {
        "js-tokens": "^3.0.0 || ^4.0.0"
      }
    },
    "redux": {
      "version": "3.7.2",
      "requires": {
        "lodash": "^4.2.1",
        "lodash-es": "^4.2.1",
        "loose-envify": "^1.1.0",
        "symbol-observable": "^1.0.3"
      },
      "dependencies": {
        "lodash": {
          "version": "4.17.11",
          "resolved": "https://npm-registry.yy.com/lodash/download/lodash-4.17.11.tgz",
          "integrity": "sha1-s56mIp72B+zYniyN8SU2iRysm40="
        }
      }
    },
    "redux-devtools-extension": {
      "version": "2.13.8"
    },
    "regular-mixin-redux": {
      "version": "file:../regular-mixin-redux",
      "requires": {
        "lodash": "^4.17.11",
        "rollup": "^1.11.3",
        "rollup-plugin-buble": "^0.19.6",
        "rollup-plugin-commonjs": "^9.3.4",
        "rollup-plugin-node-resolve": "^4.2.4",
        "rollup-plugin-url": "^2.2.1"
      }
    },
    "regularjs": {
      "version": "0.5.2"
    },
    "symbol-observable": {
      "version": "1.2.0",
      "resolved": "https://npm-registry.yy.com/symbol-observable/download/symbol-observable-1.2.0.tgz",
      "integrity": "sha1-wiaIrtTqs83C3+rLtWFmBWCgCAQ="
    }
  }
}
